
Microsoft Visual Studio Solution File, Format Version 12.00
# Visual Studio 14
VisualStudioVersion = 14.0.25420.1
MinimumVisualStudioVersion = 10.0.40219.1
Project("{151D2E53-A2C4-4D7D-83FE-D05416EBD58E}") = "100-simple-vm", "100-simple-vm\100-simple-vm.deployproj", "{1A7CC998-89FF-41C8-9D75-DB85FC6D60BA}"
EndProject
Global
	GlobalSection(SolutionConfigurationPlatforms) = preSolution
		Debug|Any CPU = Debug|Any CPU
		Release|Any CPU = Release|Any CPU
	EndGlobalSection
	GlobalSection(ProjectConfigurationPlatforms) = postSolution
		{1A7CC998-89FF-41C8-9D75-DB85FC6D60BA}.Debug|Any CPU.ActiveCfg = Debug|Any CPU
		{1A7CC998-89FF-41C8-9D75-DB85FC6D60BA}.Debug|Any CPU.Build.0 = Debug|Any CPU
		{1A7CC998-89FF-41C8-9D75-DB85FC6D60BA}.Release|Any CPU.ActiveCfg = Release|Any CPU
		{1A7CC998-89FF-41C8-9D75-DB85FC6D60BA}.Release|Any CPU.Build.0 = Release|Any CPU
	EndGlobalSection
	GlobalSection(SolutionProperties) = preSolution
		HideSolutionNode = FALSE
	EndGlobalSection
EndGlobal
